[[package]]
name = "font::inter"
version = "3.15.0"
checksum = "3792da1f121690e657d8e3f1fe6d7e8c64dfe84b190257e19cf42ac493107c0f"
source = "https://s3-ap-southeast-1.amazonaws.com/registry.uwe.app"

[[package]]
name = "font::inter::regular"
version = "3.15.0"

[[package]]
name = "std::alert"
version = "1.0.0"
checksum = "f0e469a534e2ea8e93674b82387141a30000c7dbf0fff340ae88e55e88a9b689"
source = "https://s3-ap-southeast-1.amazonaws.com/registry.uwe.app"

[[package]]
name = "std::core"
version = "5.0.5"
checksum = "878f8cd4f1426e061d136ef865ecd0b9a2fccdedf48f0c7edcfa94b8025b345c"
source = "https://s3-ap-southeast-1.amazonaws.com/registry.uwe.app"

[[package]]
name = "std::crumbtrail"
version = "1.0.3"
checksum = "efb795c2ff054be4239c7ef3a7f3251b76f474df74e42fda0b043a4ed64bf27d"
source = "https://s3-ap-southeast-1.amazonaws.com/registry.uwe.app"

[[package]]
name = "std::link"
version = "1.0.4"
checksum = "dcaf1d3b45801e846fd5130ee89597214bb83134c0ddf3538832cb1f33876a74"
source = "https://s3-ap-southeast-1.amazonaws.com/registry.uwe.app"

[[package]]
name = "std::link::github"
version = "1.0.4"

[[package]]
name = "std::listing"
version = "1.0.2"
checksum = "322722d7c497afe01cc8b5147b9ba585bb6da3d16d98e36536052a4bb54e00bf"
source = "https://s3-ap-southeast-1.amazonaws.com/registry.uwe.app"

[[package]]
name = "std::menu"
version = "1.0.2"
checksum = "8c9d6e10eec0f9c449a071310c4d8a82fd38bab80062b182493dd70cac194146"
source = "https://s3-ap-southeast-1.amazonaws.com/registry.uwe.app"

[[package]]
name = "std::sidebar"
version = "2.1.0"
checksum = "db95b53d28912b1bcb370b51f7bc0704fd11ce7eabdbfb74ef31aef1cf9b0479"
source = "https://s3-ap-southeast-1.amazonaws.com/registry.uwe.app"

[[package]]
name = "std::syntax"
version = "1.0.1"
checksum = "ce53850cef8e9d99480fe3f3ac2a9899ccdc9a5ca8ce73f36d3e41cfefe9554a"
source = "https://s3-ap-southeast-1.amazonaws.com/registry.uwe.app"

[[package]]
name = "uwe::brand::main"
version = "1.0.0"
source = "file:///home/muji/git/uwe/brand/main"
